
Microsoft Visual Studio Solution File, Format Version 12.00
# Visual Studio Version 17
VisualStudioVersion = 17.14.36811.4
MinimumVisualStudioVersion = 10.0.40219.1
Project("{FAE04EC0-301F-11D3-BF4B-00C04F79EFBC}") = "HelpDesk", "HelpDesk\HelpDesk.csproj", "{4F28E0BD-09E5-4C2F-82E9-9C1C6045F69A}"
EndProject
Project("{2150E333-8FDC-42A3-9474-1A3956D46DE8}") = "Solution Items", "Solution Items", "{8EC462FD-D22E-90A8-E5CE-7E832BA40C5D}"
EndProject
Global
	GlobalSection(SolutionConfigurationPlatforms) = preSolution
		Debug|Any CPU = Debug|Any CPU
		Release|Any CPU = Release|Any CPU
	EndGlobalSection
	GlobalSection(ProjectConfigurationPlatforms) = postSolution
		{4F28E0BD-09E5-4C2F-82E9-9C1C6045F69A}.Debug|Any CPU.ActiveCfg = Debug|Any CPU
		{4F28E0BD-09E5-4C2F-82E9-9C1C6045F69A}.Debug|Any CPU.Build.0 = Debug|Any CPU
		{4F28E0BD-09E5-4C2F-82E9-9C1C6045F69A}.Release|Any CPU.ActiveCfg = Release|Any CPU
		{4F28E0BD-09E5-4C2F-82E9-9C1C6045F69A}.Release|Any CPU.Build.0 = Release|Any CPU
	EndGlobalSection
	GlobalSection(SolutionProperties) = preSolution
		HideSolutionNode = FALSE
	EndGlobalSection
	GlobalSection(ExtensibilityGlobals) = postSolution
		SolutionGuid = {C3C38C51-CB8B-4C08-B725-C4F9ADECCF20}
	EndGlobalSection
EndGlobal
